
Microsoft Visual Studio Solution File, Format Version 12.00
# Visual Studio Version 17
VisualStudioVersion = 17.2.32602.215
MinimumVisualStudioVersion = 10.0.40219.1
Project("{2150E333-8FDC-42A3-9474-1A3956D46DE8}") = "FrontEnd", "FrontEnd", "{D99DE260-32D3-440C-B43B-EBD2025E2DD6}"
EndProject
Project("{2150E333-8FDC-42A3-9474-1A3956D46DE8}") = "Services", "Services", "{61A1F136-D716-484F-8619-5848792D9029}"
EndProject
Project("{FAE04EC0-301F-11D3-BF4B-00C04F79EFBC}") = "GeekShopping.Web", "GeekShopping.web\GeekShopping.Web.csproj", "{84720E1E-8192-4BAD-B221-0F559B53CE9E}"
EndProject
Project("{FAE04EC0-301F-11D3-BF4B-00C04F79EFBC}") = "GeekShopping.ProductAPI", "GeekShopping.ProductAPI\GeekShopping.ProductAPI.csproj", "{801C8DD5-D537-4617-9AA0-C68DBBEE74E7}"
EndProject
Global
	GlobalSection(SolutionConfigurationPlatforms) = preSolution
		Debug|Any CPU = Debug|Any CPU
		Release|Any CPU = Release|Any CPU
	EndGlobalSection
	GlobalSection(ProjectConfigurationPlatforms) = postSolution
		{84720E1E-8192-4BAD-B221-0F559B53CE9E}.Debug|Any CPU.ActiveCfg = Debug|Any CPU
		{84720E1E-8192-4BAD-B221-0F559B53CE9E}.Debug|Any CPU.Build.0 = Debug|Any CPU
		{84720E1E-8192-4BAD-B221-0F559B53CE9E}.Release|Any CPU.ActiveCfg = Release|Any CPU
		{84720E1E-8192-4BAD-B221-0F559B53CE9E}.Release|Any CPU.Build.0 = Release|Any CPU
		{801C8DD5-D537-4617-9AA0-C68DBBEE74E7}.Debug|Any CPU.ActiveCfg = Debug|Any CPU
		{801C8DD5-D537-4617-9AA0-C68DBBEE74E7}.Debug|Any CPU.Build.0 = Debug|Any CPU
		{801C8DD5-D537-4617-9AA0-C68DBBEE74E7}.Release|Any CPU.ActiveCfg = Release|Any CPU
		{801C8DD5-D537-4617-9AA0-C68DBBEE74E7}.Release|Any CPU.Build.0 = Release|Any CPU
	EndGlobalSection
	GlobalSection(SolutionProperties) = preSolution
		HideSolutionNode = FALSE
	EndGlobalSection
	GlobalSection(NestedProjects) = preSolution
		{84720E1E-8192-4BAD-B221-0F559B53CE9E} = {D99DE260-32D3-440C-B43B-EBD2025E2DD6}
		{801C8DD5-D537-4617-9AA0-C68DBBEE74E7} = {61A1F136-D716-484F-8619-5848792D9029}
	EndGlobalSection
	GlobalSection(ExtensibilityGlobals) = postSolution
		SolutionGuid = {BA8F0089-DE63-4974-BFAD-124CE0BCA4DB}
	EndGlobalSection
EndGlobal
